# Generated inside the target Linux/Python Docker image from pip --dry-run --report.
# This lock intentionally contains hashes for target-platform binary wheels only.

annotated-types==0.7.0 \
    --hash=sha256:1f02e8b43a8fbbc3f3e0d4f0f4bfc8131bcb4eebe8849b8e5c773f3a1c582a53
anyio==4.14.2 \
    --hash=sha256:9f505dda5ac9f0c8309b5e8bd445a8c2bf7246f3ce950121e45ea15bc41d1494
attrs==26.1.0 \
    --hash=sha256:c647aa4a12dfbad9333ca4e71fe62ddc36f4e63b2d260a37a8b83d2f043ac309
certifi==2026.6.17 \
    --hash=sha256:2227dcbaafe0d2f59279d1762ddddc37783ed4354594f194ffc31d20f41fc3db
cffi==2.1.0 \
    --hash=sha256:d53d10f7da99ae46f7373b9150393e9c5eab9b224909982b43832668de4779f5
charset-normalizer==3.4.9 \
    --hash=sha256:c25fe15c70c59eb7c5ce8c06a1f3fa1da0ecc5ea1e7a5922c40fd2fa9b0d5046
click==8.4.2 \
    --hash=sha256:e6f9f66136c816745b9d65817da91d61d957fb16e02e4dcd0552553c5a197b76
cryptography==49.0.0 \
    --hash=sha256:cbc77da8c523d5abd028635ba850a6966fcee2c82e2bf65a41d1d8afe0f98be9
distro==1.9.0 \
    --hash=sha256:7bffd925d65168f85027d8da9af6bddab658135b840670a223589bc0c8ef02b2
griffelib==2.1.0 \
    --hash=sha256:cc7b3d2d2865ad0b909fcc38086e3f554b5ea7acbaa7bbb7ecaa3f5dfb7d9f00
h11==0.16.0 \
    --hash=sha256:63cf8bbe7522de3bf65932fda1d9c2772064ffb3dae62d55932da54b31cb6c86
httpcore==1.0.9 \
    --hash=sha256:2d400746a40668fc9dec9810239072b40b4484b640a8c38fd654a024c7a1bf55
httpx==0.28.1 \
    --hash=sha256:d909fcccc110f8c7faf814ca82a9a4d816bc5a6dbfea25d6591d6985b8ba59ad
httpx-sse==0.4.3 \
    --hash=sha256:0ac1c9fe3c0afad2e0ebb25a934a59f4c7823b60792691f779fad2c5568830fc
idna==3.18 \
    --hash=sha256:7f952cbe720b688055e3f87de14f5c3e5fdaa8bc3928985c4077ca689de849a2
jiter==0.16.0 \
    --hash=sha256:49060fd70737fad59d33ba9dcc0d83247dc9e77187de26053a19c16c9f32bd69
jsonschema==4.26.0 \
    --hash=sha256:d489f15263b8d200f8387e64b4c3a75f06629559fb73deb8fdfb525f2dab50ce
jsonschema-specifications==2025.9.1 \
    --hash=sha256:98802fee3a11ee76ecaca44429fda8a41bff98b00a0f2838151b113f210cc6fe
mcp==1.29.0 \
    --hash=sha256:f5a075bb611f23d6f4d080c6a1699fa62772eebc562ba9e66b306ddde1c755f7
openai==2.46.0 \
    --hash=sha256:672381db55efb3a1e2610f29304c130cccdd0b319bace4d492b2443cb64c1e7c
openai-agents==0.19.1 \
    --hash=sha256:cfaa200c7aef0ad19d063ca983aafbcbbdb1f0874789323febba9265d5070e92
pycparser==3.0 \
    --hash=sha256:b727414169a36b7d524c1c3e31839a521725078d7b2ff038656844266160a992
pydantic==2.13.4 \
    --hash=sha256:45a282cde31d808236fd7ea9d919b128653c8b38b393d1c4ab335c62924d9aba
pydantic-core==2.46.4 \
    --hash=sha256:7a5f930472650a82629163023e630d160863fce524c616f4e5186e5de9d9a49b
pydantic-settings==2.14.2 \
    --hash=sha256:a20c97b37910b6550d5ea50fbcc2d4187defe58cd57070b73863d069419c9440
pyjwt==2.13.0 \
    --hash=sha256:66adcc2aff09b3f1bbd95fc1e1577df8ac8723c978552fd43304c8a290ac5728
python-dotenv==1.2.2 \
    --hash=sha256:1d8214789a24de455a8b8bd8ae6fe3c6b69a5e3d64aa8a8e5d68e694bbcb285a
python-multipart==0.0.32 \
    --hash=sha256:ff6d3f776f16878c894e52e107296ffc890e913c611b1a4ec6c44e2821fe2e23
referencing==0.37.0 \
    --hash=sha256:381329a9f99628c9069361716891d34ad94af76e461dcb0335825aecc7692231
regex==2026.7.19 \
    --hash=sha256:7322ec6cc9fba9d49ab888bb82d67ac5625627aa168f0165139b17018df3fb8a
requests==2.34.2 \
    --hash=sha256:2a0d60c172f83ac6ab31e4554906c0f3b3588d37b5cb939b1c061f4907e278e0
rpds-py==2026.6.3 \
    --hash=sha256:dc319e5a1de4b6913aac94bf6a2f9e847371e0a140a43dd4991db1a09bc2d504
sniffio==1.3.1 \
    --hash=sha256:2f6da418d1f1e0fddd844478f41680e794e6051915791a034ff65e5f100525a2
sse-starlette==3.4.6 \
    --hash=sha256:56217ab4c9a9f9c5db7b21e08732d3e7c2b807f45231ad23de0551a24c4a41f6
starlette==1.3.1 \
    --hash=sha256:c7372aae11c3c3f26a42df7bd626cec2f47d03483d261d369516a615a53714c6
tavily-python==0.7.26 \
    --hash=sha256:9b9e7f2d10b3572444e13e9a3bf4f5341975d591cbc1306be04ef89a363e42a7
tiktoken==0.13.0 \
    --hash=sha256:5ba5fd62507a932d1241346179e3b39bc7bf7408f03c272652d93b3bedf5db24
tqdm==4.69.0 \
    --hash=sha256:9979978912be667a6ef21fd5d8abf54e324e63d82f7f43c360792ebc2bc4e622
typing-extensions==4.16.0 \
    --hash=sha256:481caa481374e813c1b176ada14e97f1f67a4539ce9cfeb3f350d78d6370c2e8
typing-inspection==0.4.2 \
    --hash=sha256:4ed1cacbdc298c220f1bd249ed5287caa16f34d44ef4e9c3d0cbad5b521545e7
urllib3==2.7.0 \
    --hash=sha256:9fb4c81ebbb1ce9531cce37674bbc6f1360472bc18ca9a553ede278ef7276897
uvicorn==0.51.0 \
    --hash=sha256:5d38af6cd620f2ae3849fb44fd4879e0890aa1febe8d47eb355fb45d93fe6a5b
websockets==16.1.1 \
    --hash=sha256:92b820d345f7a3fc7b8163949ee92df910f290c3fc517b3d5301c78065adafe1
